// !$*UTF8*$!
{
	archiveVersion = 1;
	classes = {
	};
	objectVersion = 50;
	objects = {

/* Begin PBXBuildFile section */
		42EF28DD0DFD4B5810B75439 /* Pods_Waiter.framework in Frameworks */ = {isa = PBXBuildFile; fileRef = 67F5E9CAF18424A74655CFD8 /* Pods_Waiter.framework */; };
		9F0228CC20D25C4F00550DAD /* Category.swift in Sources */ = {isa = PBXBuildFile; fileRef = 9F0228CB20D25C4F00550DAD /* Category.swift */; };
		9F0228CE20D25C7600550DAD /* Item.swift in Sources */ = {isa = PBXBuildFile; fileRef = 9F0228CD20D25C7600550DAD /* Item.swift */; };
		9F05893D20D4B842001C176D /* RoundedButton.swift in Sources */ = {isa = PBXBuildFile; fileRef = 9F05893C20D4B842001C176D /* RoundedButton.swift */; };
		9F16825A20CFCD1700CFE4B1 /* CreateItem.xib in Resources */ = {isa = PBXBuildFile; fileRef = 9F16825920CFCD1700CFE4B1 /* CreateItem.xib */; };
		9F16825C20CFCD2300CFE4B1 /* CreateItem.swift in Sources */ = {isa = PBXBuildFile; fileRef = 9F16825B20CFCD2300CFE4B1 /* CreateItem.swift */; };
		9F16825E20CFD46400CFE4B1 /* ItemOptionsView.swift in Sources */ = {isa = PBXBuildFile; fileRef = 9F16825D20CFD46400CFE4B1 /* ItemOptionsView.swift */; };
		9F16826020CFD47B00CFE4B1 /* ItemOptionsView.xib in Resources */ = {isa = PBXBuildFile; fileRef = 9F16825F20CFD47B00CFE4B1 /* ItemOptionsView.xib */; };
		9F16826320CFD66600CFE4B1 /* AddItemCell.swift in Sources */ = {isa = PBXBuildFile; fileRef = 9F16826220CFD66600CFE4B1 /* AddItemCell.swift */; };
		9F2546C820D62C9900162133 /* AppUser.swift in Sources */ = {isa = PBXBuildFile; fileRef = 9F2546C720D62C9900162133 /* AppUser.swift */; };
		9F2546CA20D644E900162133 /* Settings.swift in Sources */ = {isa = PBXBuildFile; fileRef = 9F2546C920D644E900162133 /* Settings.swift */; };
		9F4A184320E63D270051C059 /* CategoryItems.swift in Sources */ = {isa = PBXBuildFile; fileRef = 9F4A184220E63D270051C059 /* CategoryItems.swift */; };
		9F4A184520E63D410051C059 /* CategoryDetail.swift in Sources */ = {isa = PBXBuildFile; fileRef = 9F4A184420E63D410051C059 /* CategoryDetail.swift */; };
		9F4A184720E63D9D0051C059 /* DataManager.swift in Sources */ = {isa = PBXBuildFile; fileRef = 9F4A184620E63D9D0051C059 /* DataManager.swift */; };
		9F4AC1802104305D00D6B29B /* GoogleService-Info.plist in Resources */ = {isa = PBXBuildFile; fileRef = 9F4AC17F2104305D00D6B29B /* GoogleService-Info.plist */; };
		9F4D4ECD20D4D8F0004F4C8A /* practice.swift in Sources */ = {isa = PBXBuildFile; fileRef = 9F4D4ECC20D4D8F0004F4C8A /* practice.swift */; };
		9F4F8A6920DC060F0071E06E /* waiter.gif in Resources */ = {isa = PBXBuildFile; fileRef = 9F4F8A6820DC060F0071E06E /* waiter.gif */; };
		9F67871220CC4CCD008E209F /* AddCategoryCell.swift in Sources */ = {isa = PBXBuildFile; fileRef = 9F67871120CC4CCD008E209F /* AddCategoryCell.swift */; };
		9F67871420CC4CEB008E209F /* MenuManagementVC.swift in Sources */ = {isa = PBXBuildFile; fileRef = 9F67871320CC4CEB008E209F /* MenuManagementVC.swift */; };
		9F79DAB020D52B11002D1743 /* Singleton.swift in Sources */ = {isa = PBXBuildFile; fileRef = 9F79DAAF20D52B11002D1743 /* Singleton.swift */; };
		9F7A64DA20E74AFB006BF525 /* Podfile in Resources */ = {isa = PBXBuildFile; fileRef = 9F7A64D920E74AFA006BF525 /* Podfile */; };
		9F84AA5020DB338000E6B2BB /* ItemOptionCell.swift in Sources */ = {isa = PBXBuildFile; fileRef = 9F84AA4F20DB338000E6B2BB /* ItemOptionCell.swift */; };
		9F84AA5220DB3CFA00E6B2BB /* SubItem.swift in Sources */ = {isa = PBXBuildFile; fileRef = 9F84AA5120DB3CFA00E6B2BB /* SubItem.swift */; };
		9F84AA5420DB46A600E6B2BB /* Availability.swift in Sources */ = {isa = PBXBuildFile; fileRef = 9F84AA5320DB46A600E6B2BB /* Availability.swift */; };
		9F8EABE720AC74A50027EDFB /* AppDelegate.swift in Sources */ = {isa = PBXBuildFile; fileRef = 9F8EABE620AC74A50027EDFB /* AppDelegate.swift */; };
		9F8EABE920AC74A50027EDFB /* ViewController.swift in Sources */ = {isa = PBXBuildFile; fileRef = 9F8EABE820AC74A50027EDFB /* ViewController.swift */; };
		9F8EABEC20AC74A50027EDFB /* Main.storyboard in Resources */ = {isa = PBXBuildFile; fileRef = 9F8EABEA20AC74A50027EDFB /* Main.storyboard */; };
		9F8EABEF20AC74A50027EDFB /* Waiter.xcdatamodeld in Sources */ = {isa = PBXBuildFile; fileRef = 9F8EABED20AC74A50027EDFB /* Waiter.xcdatamodeld */; };
		9F8EABF120AC74A60027EDFB /* Assets.xcassets in Resources */ = {isa = PBXBuildFile; fileRef = 9F8EABF020AC74A60027EDFB /* Assets.xcassets */; };
		9F8EABF420AC74A60027EDFB /* LaunchScreen.storyboard in Resources */ = {isa = PBXBuildFile; fileRef = 9F8EABF220AC74A60027EDFB /* LaunchScreen.storyboard */; };
		9FAFDFA4210C716A007AA2D1 /* Utils.swift in Sources */ = {isa = PBXBuildFile; fileRef = 9FAFDFA3210C716A007AA2D1 /* Utils.swift */; };
		9FCBC0F620CA6495000BF369 /* Extensions.swift in Sources */ = {isa = PBXBuildFile; fileRef = 9FCBC0F520CA6495000BF369 /* Extensions.swift */; };
		9FCD91AF210D637C0015EF78 /* ItemOptionPopupVC.swift in Sources */ = {isa = PBXBuildFile; fileRef = 9FCD91AE210D637C0015EF78 /* ItemOptionPopupVC.swift */; };
		9FCD91B1210DC11D0015EF78 /* BaseViewController.swift in Sources */ = {isa = PBXBuildFile; fileRef = 9FCD91B0210DC11D0015EF78 /* BaseViewController.swift */; };
		9FCD91B7211010640015EF78 /* libxml2.2.tbd in Frameworks */ = {isa = PBXBuildFile; fileRef = 9FCD91B6211010640015EF78 /* libxml2.2.tbd */; };
		9FCD91BE211011080015EF78 /* libepos2.a in Frameworks */ = {isa = PBXBuildFile; fileRef = 9FCD91BB211011080015EF78 /* libepos2.a */; };
		9FCD91C0211012220015EF78 /* libeposeasyselect.a in Frameworks */ = {isa = PBXBuildFile; fileRef = 9FCD91B9211011080015EF78 /* libeposeasyselect.a */; };
		9FCD91C2211013380015EF78 /* ExternalAccessory.framework in Frameworks */ = {isa = PBXBuildFile; fileRef = 9FCD91C1211013380015EF78 /* ExternalAccessory.framework */; };
		9FCD91C4211014970015EF78 /* DiscoveryViewController.swift in Sources */ = {isa = PBXBuildFile; fileRef = 9FCD91C3211014960015EF78 /* DiscoveryViewController.swift */; };
		9FCD91C621101D7D0015EF78 /* MessageView.swift in Sources */ = {isa = PBXBuildFile; fileRef = 9FCD91C521101D7D0015EF78 /* MessageView.swift */; };
		9FD1DAC220E283B600F6AD0D /* RenameViewController.swift in Sources */ = {isa = PBXBuildFile; fileRef = 9FD1DAC120E283B500F6AD0D /* RenameViewController.swift */; };
		9FD1DAC420E2B0E000F6AD0D /* kPParentManagedObject.swift in Sources */ = {isa = PBXBuildFile; fileRef = 9FD1DAC320E2B0E000F6AD0D /* kPParentManagedObject.swift */; };
		9FD36FDB20E2B62600B700D4 /* CategoryEntity.swift in Sources */ = {isa = PBXBuildFile; fileRef = 9FD36FDA20E2B62600B700D4 /* CategoryEntity.swift */; };
		9FD36FDF20E2B67F00B700D4 /* ItemCoreData.swift in Sources */ = {isa = PBXBuildFile; fileRef = 9FD36FDE20E2B67F00B700D4 /* ItemCoreData.swift */; };
		9FEA845820B519C800C6DEE1 /* FoodCell.swift in Sources */ = {isa = PBXBuildFile; fileRef = 9FEA845720B519C800C6DEE1 /* FoodCell.swift */; };
		9FEA845A20B519DA00C6DEE1 /* SectionCell.swift in Sources */ = {isa = PBXBuildFile; fileRef = 9FEA845920B519DA00C6DEE1 /* SectionCell.swift */; };
		9FEA845C20B51ABF00C6DEE1 /* CheckoutCell.swift in Sources */ = {isa = PBXBuildFile; fileRef = 9FEA845B20B51ABF00C6DEE1 /* CheckoutCell.swift */; };
		9FEA845E20B5278B00C6DEE1 /* DashboardVC.swift in Sources */ = {isa = PBXBuildFile; fileRef = 9FEA845D20B5278B00C6DEE1 /* DashboardVC.swift */; };
		9FEA846020B5280300C6DEE1 /* LoginVC.swift in Sources */ = {isa = PBXBuildFile; fileRef = 9FEA845F20B5280300C6DEE1 /* LoginVC.swift */; };
		9FEA846220B52CE700C6DEE1 /* AddItemView.xib in Resources */ = {isa = PBXBuildFile; fileRef = 9FEA846120B52CE700C6DEE1 /* AddItemView.xib */; };
		9FEA846420B52CF800C6DEE1 /* AddItemView.swift in Sources */ = {isa = PBXBuildFile; fileRef = 9FEA846320B52CF800C6DEE1 /* AddItemView.swift */; };
		9FEA846620B5304400C6DEE1 /* ContinueOrderVC.swift in Sources */ = {isa = PBXBuildFile; fileRef = 9FEA846520B5304400C6DEE1 /* ContinueOrderVC.swift */; };
		9FEA846820B537A300C6DEE1 /* TableCell.swift in Sources */ = {isa = PBXBuildFile; fileRef = 9FEA846720B537A300C6DEE1 /* TableCell.swift */; };
		9FEA846F20B5400700C6DEE1 /* GifExtension.swift in Sources */ = {isa = PBXBuildFile; fileRef = 9FEA846E20B5400700C6DEE1 /* GifExtension.swift */; };
		9FEA847120B5426600C6DEE1 /* OrderSuccessVC.swift in Sources */ = {isa = PBXBuildFile; fileRef = 9FEA847020B5426600C6DEE1 /* OrderSuccessVC.swift */; };
		9FEA847320B544B800C6DEE1 /* ordered-animation.gif in Resources */ = {isa = PBXBuildFile; fileRef = 9FEA847220B544B700C6DEE1 /* ordered-animation.gif */; };
		9FEA847520B54C1400C6DEE1 /* WelcomeVC.swift in Sources */ = {isa = PBXBuildFile; fileRef = 9FEA847420B54C1400C6DEE1 /* WelcomeVC.swift */; };
		9FEA847720B630AB00C6DEE1 /* CreateRestaurantView.xib in Resources */ = {isa = PBXBuildFile; fileRef = 9FEA847620B630AB00C6DEE1 /* CreateRestaurantView.xib */; };
		9FEA847920B630BB00C6DEE1 /* CreateRestaurantView.swift in Sources */ = {isa = PBXBuildFile; fileRef = 9FEA847820B630BB00C6DEE1 /* CreateRestaurantView.swift */; };
		9FEDA94720CBD55A00201775 /* PrinterVC.swift in Sources */ = {isa = PBXBuildFile; fileRef = 9FEDA94620CBD55A00201775 /* PrinterVC.swift */; };
		9FEEFDC820C8E51600119A35 /* Constants.swift in Sources */ = {isa = PBXBuildFile; fileRef = 9FEEFDC720C8E51600119A35 /* Constants.swift */; };
		9FEEFDCA20C8E5F100119A35 /* DataService.swift in Sources */ = {isa = PBXBuildFile; fileRef = 9FEEFDC920C8E5F000119A35 /* DataService.swift */; };
		9FEEFDCD20C8EABF00119A35 /* AuthServices.swift in Sources */ = {isa = PBXBuildFile; fileRef = 9FEEFDCC20C8EABF00119A35 /* AuthServices.swift */; };
		9FEEFDCF20C8FB1300119A35 /* WaiterCell.swift in Sources */ = {isa = PBXBuildFile; fileRef = 9FEEFDCE20C8FB1300119A35 /* WaiterCell.swift */; };
		9FEEFDD120C8FB3500119A35 /* SettingsVC.swift in Sources */ = {isa = PBXBuildFile; fileRef = 9FEEFDD020C8FB3500119A35 /* SettingsVC.swift */; };
		9FEEFDD320C8FD8F00119A35 /* StaffMember.swift in Sources */ = {isa = PBXBuildFile; fileRef = 9FEEFDD220C8FD8F00119A35 /* StaffMember.swift */; };
		9FF418FF20CFF7A100EB56B6 /* DefaultsKeys.swift in Sources */ = {isa = PBXBuildFile; fileRef = 9FF418F920CFF7A000EB56B6 /* DefaultsKeys.swift */; };
		9FF4190020CFF7A100EB56B6 /* Defaults+Subscripts.swift in Sources */ = {isa = PBXBuildFile; fileRef = 9FF418FA20CFF7A000EB56B6 /* Defaults+Subscripts.swift */; };
		9FF4190120CFF7A100EB56B6 /* DefaultsSerializable+BuiltIns.swift in Sources */ = {isa = PBXBuildFile; fileRef = 9FF418FB20CFF7A000EB56B6 /* DefaultsSerializable+BuiltIns.swift */; };
		9FF4190220CFF7A100EB56B6 /* OptionalType.swift in Sources */ = {isa = PBXBuildFile; fileRef = 9FF418FC20CFF7A000EB56B6 /* OptionalType.swift */; };
		9FF4190320CFF7A100EB56B6 /* DefaultsSerializable.swift in Sources */ = {isa = PBXBuildFile; fileRef = 9FF418FD20CFF7A000EB56B6 /* DefaultsSerializable.swift */; };
		9FF4190420CFF7A100EB56B6 /* Defaults.swift in Sources */ = {isa = PBXBuildFile; fileRef = 9FF418FE20CFF7A000EB56B6 /* Defaults.swift */; };
/* End PBXBuildFile section */

/* Begin PBXFileReference section */
		3162EDBDB3A6CEDEAB9670D3 /* Pods-Waiter.release.xcconfig */ = {isa = PBXFileReference; includeInIndex = 1; lastKnownFileType = text.xcconfig; name = "Pods-Waiter.release.xcconfig"; path = "Pods/Target Support Files/Pods-Waiter/Pods-Waiter.release.xcconfig"; sourceTree = "<group>"; };
		67F5E9CAF18424A74655CFD8 /* Pods_Waiter.framework */ = {isa = PBXFileReference; explicitFileType = wrapper.framework; includeInIndex = 0; path = Pods_Waiter.framework; sourceTree = BUILT_PRODUCTS_DIR; };
		9F0228CB20D25C4F00550DAD /* Category.swift */ = {isa = PBXFileReference; lastKnownFileType = sourcecode.swift; path = Category.swift; sourceTree = "<group>"; };
		9F0228CD20D25C7600550DAD /* Item.swift */ = {isa = PBXFileReference; lastKnownFileType = sourcecode.swift; path = Item.swift; sourceTree = "<group>"; };
		9F05893C20D4B842001C176D /* RoundedButton.swift */ = {isa = PBXFileReference; lastKnownFileType = sourcecode.swift; path = RoundedButton.swift; sourceTree = "<group>"; };
		9F16825920CFCD1700CFE4B1 /* CreateItem.xib */ = {isa = PBXFileReference; lastKnownFileType = file.xib; path = CreateItem.xib; sourceTree = "<group>"; };
		9F16825B20CFCD2300CFE4B1 /* CreateItem.swift */ = {isa = PBXFileReference; lastKnownFileType = sourcecode.swift; path = CreateItem.swift; sourceTree = "<group>"; };
		9F16825D20CFD46400CFE4B1 /* ItemOptionsView.swift */ = {isa = PBXFileReference; lastKnownFileType = sourcecode.swift; path = ItemOptionsView.swift; sourceTree = "<group>"; };
		9F16825F20CFD47B00CFE4B1 /* ItemOptionsView.xib */ = {isa = PBXFileReference; lastKnownFileType = file.xib; path = ItemOptionsView.xib; sourceTree = "<group>"; };
		9F16826220CFD66600CFE4B1 /* AddItemCell.swift */ = {isa = PBXFileReference; lastKnownFileType = sourcecode.swift; path = AddItemCell.swift; sourceTree = "<group>"; };
		9F2546C720D62C9900162133 /* AppUser.swift */ = {isa = PBXFileReference; lastKnownFileType = sourcecode.swift; path = AppUser.swift; sourceTree = "<group>"; };
		9F2546C920D644E900162133 /* Settings.swift */ = {isa = PBXFileReference; lastKnownFileType = sourcecode.swift; path = Settings.swift; sourceTree = "<group>"; };
		9F4A184220E63D270051C059 /* CategoryItems.swift */ = {isa = PBXFileReference; lastKnownFileType = sourcecode.swift; path = CategoryItems.swift; sourceTree = "<group>"; };
		9F4A184420E63D410051C059 /* CategoryDetail.swift */ = {isa = PBXFileReference; lastKnownFileType = sourcecode.swift; path = CategoryDetail.swift; sourceTree = "<group>"; };
		9F4A184620E63D9D0051C059 /* DataManager.swift */ = {isa = PBXFileReference; lastKnownFileType = sourcecode.swift; path = DataManager.swift; sourceTree = "<group>"; };
		9F4AC17F2104305D00D6B29B /* GoogleService-Info.plist */ = {isa = PBXFileReference; fileEncoding = 4; lastKnownFileType = text.plist.xml; path = "GoogleService-Info.plist"; sourceTree = "<group>"; };
		9F4D4ECC20D4D8F0004F4C8A /* practice.swift */ = {isa = PBXFileReference; lastKnownFileType = sourcecode.swift; path = practice.swift; sourceTree = "<group>"; };
		9F4F8A6820DC060F0071E06E /* waiter.gif */ = {isa = PBXFileReference; lastKnownFileType = image.gif; path = waiter.gif; sourceTree = "<group>"; };
		9F67871120CC4CCD008E209F /* AddCategoryCell.swift */ = {isa = PBXFileReference; lastKnownFileType = sourcecode.swift; path = AddCategoryCell.swift; sourceTree = "<group>"; };
		9F67871320CC4CEB008E209F /* MenuManagementVC.swift */ = {isa = PBXFileReference; lastKnownFileType = sourcecode.swift; path = MenuManagementVC.swift; sourceTree = "<group>"; };
		9F79DAAF20D52B11002D1743 /* Singleton.swift */ = {isa = PBXFileReference; lastKnownFileType = sourcecode.swift; path = Singleton.swift; sourceTree = "<group>"; };
		9F7A64D920E74AFA006BF525 /* Podfile */ = {isa = PBXFileReference; fileEncoding = 4; lastKnownFileType = text; path = Podfile; sourceTree = "<group>"; };
		9F84AA4F20DB338000E6B2BB /* ItemOptionCell.swift */ = {isa = PBXFileReference; lastKnownFileType = sourcecode.swift; path = ItemOptionCell.swift; sourceTree = "<group>"; };
		9F84AA5120DB3CFA00E6B2BB /* SubItem.swift */ = {isa = PBXFileReference; lastKnownFileType = sourcecode.swift; path = SubItem.swift; sourceTree = "<group>"; };
		9F84AA5320DB46A600E6B2BB /* Availability.swift */ = {isa = PBXFileReference; lastKnownFileType = sourcecode.swift; path = Availability.swift; sourceTree = "<group>"; };
		9F8EABE320AC74A50027EDFB /* Waiter.app */ = {isa = PBXFileReference; explicitFileType = wrapper.application; includeInIndex = 0; path = Waiter.app; sourceTree = BUILT_PRODUCTS_DIR; };
		9F8EABE620AC74A50027EDFB /* AppDelegate.swift */ = {isa = PBXFileReference; lastKnownFileType = sourcecode.swift; path = AppDelegate.swift; sourceTree = "<group>"; };
		9F8EABE820AC74A50027EDFB /* ViewController.swift */ = {isa = PBXFileReference; lastKnownFileType = sourcecode.swift; path = ViewController.swift; sourceTree = "<group>"; };
		9F8EABEB20AC74A50027EDFB /* Base */ = {isa = PBXFileReference; lastKnownFileType = file.storyboard; name = Base; path = Base.lproj/Main.storyboard; sourceTree = "<group>"; };
		9F8EABEE20AC74A50027EDFB /* Waiter.xcdatamodel */ = {isa = PBXFileReference; lastKnownFileType = wrapper.xcdatamodel; path = Waiter.xcdatamodel; sourceTree = "<group>"; };
		9F8EABF020AC74A60027EDFB /* Assets.xcassets */ = {isa = PBXFileReference; lastKnownFileType = folder.assetcatalog; path = Assets.xcassets; sourceTree = "<group>"; };
		9F8EABF320AC74A60027EDFB /* Base */ = {isa = PBXFileReference; lastKnownFileType = file.storyboard; name = Base; path = Base.lproj/LaunchScreen.storyboard; sourceTree = "<group>"; };
		9F8EABF520AC74A60027EDFB /* Info.plist */ = {isa = PBXFileReference; lastKnownFileType = text.plist.xml; path = Info.plist; sourceTree = "<group>"; };
		9FAFDFA3210C716A007AA2D1 /* Utils.swift */ = {isa = PBXFileReference; lastKnownFileType = sourcecode.swift; path = Utils.swift; sourceTree = "<group>"; };
		9FCBC0F520CA6495000BF369 /* Extensions.swift */ = {isa = PBXFileReference; lastKnownFileType = sourcecode.swift; path = Extensions.swift; sourceTree = "<group>"; };
		9FCD91AE210D637C0015EF78 /* ItemOptionPopupVC.swift */ = {isa = PBXFileReference; lastKnownFileType = sourcecode.swift; path = ItemOptionPopupVC.swift; sourceTree = "<group>"; };
		9FCD91B0210DC11D0015EF78 /* BaseViewController.swift */ = {isa = PBXFileReference; lastKnownFileType = sourcecode.swift; path = BaseViewController.swift; sourceTree = "<group>"; };
		9FCD91B6211010640015EF78 /* libxml2.2.tbd */ = {isa = PBXFileReference; lastKnownFileType = "sourcecode.text-based-dylib-definition"; name = libxml2.2.tbd; path = usr/lib/libxml2.2.tbd; sourceTree = SDKROOT; };
		9FCD91B9211011080015EF78 /* libeposeasyselect.a */ = {isa = PBXFileReference; lastKnownFileType = archive.ar; path = libeposeasyselect.a; sourceTree = "<group>"; };
		9FCD91BA211011080015EF78 /* ePOS2.h */ = {isa = PBXFileReference; fileEncoding = 4; lastKnownFileType = sourcecode.c.h; path = ePOS2.h; sourceTree = "<group>"; };
		9FCD91BB211011080015EF78 /* libepos2.a */ = {isa = PBXFileReference; lastKnownFileType = archive.ar; path = libepos2.a; sourceTree = "<group>"; };
		9FCD91BC211011080015EF78 /* ePOSEasySelect.h */ = {isa = PBXFileReference; fileEncoding = 4; lastKnownFileType = sourcecode.c.h; path = ePOSEasySelect.h; sourceTree = "<group>"; };
		9FCD91BF211011430015EF78 /* Waiter_Bridge_Header.h */ = {isa = PBXFileReference; lastKnownFileType = sourcecode.c.h; path = Waiter_Bridge_Header.h; sourceTree = "<group>"; };
		9FCD91C1211013380015EF78 /* ExternalAccessory.framework */ = {isa = PBXFileReference; lastKnownFileType = wrapper.framework; name = ExternalAccessory.framework; path = System/Library/Frameworks/ExternalAccessory.framework; sourceTree = SDKROOT; };
		9FCD91C3211014960015EF78 /* DiscoveryViewController.swift */ = {isa = PBXFileReference; fileEncoding = 4; lastKnownFileType = sourcecode.swift; path = DiscoveryViewController.swift; sourceTree = "<group>"; };
		9FCD91C521101D7D0015EF78 /* MessageView.swift */ = {isa = PBXFileReference; fileEncoding = 4; lastKnownFileType = sourcecode.swift; path = MessageView.swift; sourceTree = "<group>"; };
		9FD1DAC120E283B500F6AD0D /* RenameViewController.swift */ = {isa = PBXFileReference; lastKnownFileType = sourcecode.swift; path = RenameViewController.swift; sourceTree = "<group>"; };
		9FD1DAC320E2B0E000F6AD0D /* kPParentManagedObject.swift */ = {isa = PBXFileReference; lastKnownFileType = sourcecode.swift; path = kPParentManagedObject.swift; sourceTree = "<group>"; };
		9FD36FDA20E2B62600B700D4 /* CategoryEntity.swift */ = {isa = PBXFileReference; lastKnownFileType = sourcecode.swift; path = CategoryEntity.swift; sourceTree = "<group>"; };
		9FD36FDE20E2B67F00B700D4 /* ItemCoreData.swift */ = {isa = PBXFileReference; lastKnownFileType = sourcecode.swift; path = ItemCoreData.swift; sourceTree = "<group>"; };
		9FEA845720B519C800C6DEE1 /* FoodCell.swift */ = {isa = PBXFileReference; lastKnownFileType = sourcecode.swift; path = FoodCell.swift; sourceTree = "<group>"; };
		9FEA845920B519DA00C6DEE1 /* SectionCell.swift */ = {isa = PBXFileReference; lastKnownFileType = sourcecode.swift; path = SectionCell.swift; sourceTree = "<group>"; };
		9FEA845B20B51ABF00C6DEE1 /* CheckoutCell.swift */ = {isa = PBXFileReference; lastKnownFileType = sourcecode.swift; path = CheckoutCell.swift; sourceTree = "<group>"; };
		9FEA845D20B5278B00C6DEE1 /* DashboardVC.swift */ = {isa = PBXFileReference; lastKnownFileType = sourcecode.swift; path = DashboardVC.swift; sourceTree = "<group>"; };
		9FEA845F20B5280300C6DEE1 /* LoginVC.swift */ = {isa = PBXFileReference; lastKnownFileType = sourcecode.swift; path = LoginVC.swift; sourceTree = "<group>"; };
		9FEA846120B52CE700C6DEE1 /* AddItemView.xib */ = {isa = PBXFileReference; lastKnownFileType = file.xib; path = AddItemView.xib; sourceTree = "<group>"; };
		9FEA846320B52CF800C6DEE1 /* AddItemView.swift */ = {isa = PBXFileReference; lastKnownFileType = sourcecode.swift; path = AddItemView.swift; sourceTree = "<group>"; };
		9FEA846520B5304400C6DEE1 /* ContinueOrderVC.swift */ = {isa = PBXFileReference; lastKnownFileType = sourcecode.swift; path = ContinueOrderVC.swift; sourceTree = "<group>"; };
		9FEA846720B537A300C6DEE1 /* TableCell.swift */ = {isa = PBXFileReference; lastKnownFileType = sourcecode.swift; path = TableCell.swift; sourceTree = "<group>"; };
		9FEA846E20B5400700C6DEE1 /* GifExtension.swift */ = {isa = PBXFileReference; lastKnownFileType = sourcecode.swift; path = GifExtension.swift; sourceTree = "<group>"; };
		9FEA847020B5426600C6DEE1 /* OrderSuccessVC.swift */ = {isa = PBXFileReference; lastKnownFileType = sourcecode.swift; path = OrderSuccessVC.swift; sourceTree = "<group>"; };
		9FEA847220B544B700C6DEE1 /* ordered-animation.gif */ = {isa = PBXFileReference; lastKnownFileType = image.gif; path = "ordered-animation.gif"; sourceTree = "<group>"; };
		9FEA847420B54C1400C6DEE1 /* WelcomeVC.swift */ = {isa = PBXFileReference; lastKnownFileType = sourcecode.swift; path = WelcomeVC.swift; sourceTree = "<group>"; };
		9FEA847620B630AB00C6DEE1 /* CreateRestaurantView.xib */ = {isa = PBXFileReference; lastKnownFileType = file.xib; path = CreateRestaurantView.xib; sourceTree = "<group>"; };
		9FEA847820B630BB00C6DEE1 /* CreateRestaurantView.swift */ = {isa = PBXFileReference; lastKnownFileType = sourcecode.swift; path = CreateRestaurantView.swift; sourceTree = "<group>"; };
		9FEDA94620CBD55A00201775 /* PrinterVC.swift */ = {isa = PBXFileReference; lastKnownFileType = sourcecode.swift; path = PrinterVC.swift; sourceTree = "<group>"; };
		9FEEFDC720C8E51600119A35 /* Constants.swift */ = {isa = PBXFileReference; lastKnownFileType = sourcecode.swift; path = Constants.swift; sourceTree = "<group>"; };
		9FEEFDC920C8E5F000119A35 /* DataService.swift */ = {isa = PBXFileReference; lastKnownFileType = sourcecode.swift; path = DataService.swift; sourceTree = "<group>"; };
		9FEEFDCC20C8EABF00119A35 /* AuthServices.swift */ = {isa = PBXFileReference; lastKnownFileType = sourcecode.swift; path = AuthServices.swift; sourceTree = "<group>"; };
		9FEEFDCE20C8FB1300119A35 /* WaiterCell.swift */ = {isa = PBXFileReference; lastKnownFileType = sourcecode.swift; path = WaiterCell.swift; sourceTree = "<group>"; };
		9FEEFDD020C8FB3500119A35 /* SettingsVC.swift */ = {isa = PBXFileReference; lastKnownFileType = sourcecode.swift; path = SettingsVC.swift; sourceTree = "<group>"; };
		9FEEFDD220C8FD8F00119A35 /* StaffMember.swift */ = {isa = PBXFileReference; lastKnownFileType = sourcecode.swift; path = StaffMember.swift; sourceTree = "<group>"; };
		9FF418F920CFF7A000EB56B6 /* DefaultsKeys.swift */ = {isa = PBXFileReference; fileEncoding = 4; lastKnownFileType = sourcecode.swift; path = DefaultsKeys.swift; sourceTree = "<group>"; };
		9FF418FA20CFF7A000EB56B6 /* Defaults+Subscripts.swift */ = {isa = PBXFileReference; fileEncoding = 4; lastKnownFileType = sourcecode.swift; path = "Defaults+Subscripts.swift"; sourceTree = "<group>"; };
		9FF418FB20CFF7A000EB56B6 /* DefaultsSerializable+BuiltIns.swift */ = {isa = PBXFileReference; fileEncoding = 4; lastKnownFileType = sourcecode.swift; path = "DefaultsSerializable+BuiltIns.swift"; sourceTree = "<group>"; };
		9FF418FC20CFF7A000EB56B6 /* OptionalType.swift */ = {isa = PBXFileReference; fileEncoding = 4; lastKnownFileType = sourcecode.swift; path = OptionalType.swift; sourceTree = "<group>"; };
		9FF418FD20CFF7A000EB56B6 /* DefaultsSerializable.swift */ = {isa = PBXFileReference; fileEncoding = 4; lastKnownFileType = sourcecode.swift; path = DefaultsSerializable.swift; sourceTree = "<group>"; };
		9FF418FE20CFF7A000EB56B6 /* Defaults.swift */ = {isa = PBXFileReference; fileEncoding = 4; lastKnownFileType = sourcecode.swift; path = Defaults.swift; sourceTree = "<group>"; };
		D073D3F3DE095CE468379ABA /* Pods-Waiter.debug.xcconfig */ = {isa = PBXFileReference; includeInIndex = 1; lastKnownFileType = text.xcconfig; name = "Pods-Waiter.debug.xcconfig"; path = "Pods/Target Support Files/Pods-Waiter/Pods-Waiter.debug.xcconfig"; sourceTree = "<group>"; };
/* End PBXFileReference section */

/* Begin PBXFrameworksBuildPhase section */
		9F8EABE020AC74A50027EDFB /* Frameworks */ = {
			isa = PBXFrameworksBuildPhase;
			buildActionMask = 2147483647;
			files = (
				9FCD91C2211013380015EF78 /* ExternalAccessory.framework in Frameworks */,
				9FCD91BE211011080015EF78 /* libepos2.a in Frameworks */,
				9FCD91B7211010640015EF78 /* libxml2.2.tbd in Frameworks */,
				9FCD91C0211012220015EF78 /* libeposeasyselect.a in Frameworks */,
				42EF28DD0DFD4B5810B75439 /* Pods_Waiter.framework in Frameworks */,
			);
			runOnlyForDeploymentPostprocessing = 0;
		};
/* End PBXFrameworksBuildPhase section */

/* Begin PBXGroup section */
		9F16825720CFCCBF00CFE4B1 /* AddItem-FromMainVC */ = {
			isa = PBXGroup;
			children = (
				9FEA846320B52CF800C6DEE1 /* AddItemView.swift */,
				9FEA846120B52CE700C6DEE1 /* AddItemView.xib */,
			);
			path = "AddItem-FromMainVC";
			sourceTree = "<group>";
		};
		9F16825820CFCCD800CFE4B1 /* MenuMgmtVC - AddItem */ = {
			isa = PBXGroup;
			children = (
				9F16825920CFCD1700CFE4B1 /* CreateItem.xib */,
				9F16825B20CFCD2300CFE4B1 /* CreateItem.swift */,
				9F16825F20CFD47B00CFE4B1 /* ItemOptionsView.xib */,
				9F16825D20CFD46400CFE4B1 /* ItemOptionsView.swift */,
				9F16826220CFD66600CFE4B1 /* AddItemCell.swift */,
			);
			path = "MenuMgmtVC - AddItem";
			sourceTree = "<group>";
		};
		9F16826120CFD5D600CFE4B1 /* MenuMgmtVC - AddCategory */ = {
			isa = PBXGroup;
			children = (
				9F67871120CC4CCD008E209F /* AddCategoryCell.swift */,
			);
			path = "MenuMgmtVC - AddCategory";
			sourceTree = "<group>";
		};
		9F79DAAE20D52AF8002D1743 /* Singleton */ = {
			isa = PBXGroup;
			children = (
				9F79DAAF20D52B11002D1743 /* Singleton.swift */,
			);
			path = Singleton;
			sourceTree = "<group>";
		};
		9F84AA4E20DB333000E6B2BB /* MenuMgmtVC - ItemOptions */ = {
			isa = PBXGroup;
			children = (
				9F84AA4F20DB338000E6B2BB /* ItemOptionCell.swift */,
			);
			path = "MenuMgmtVC - ItemOptions";
			sourceTree = "<group>";
		};
		9F8EABDA20AC74A50027EDFB = {
			isa = PBXGroup;
			children = (
				9F7A64D920E74AFA006BF525 /* Podfile */,
				9F8EABE520AC74A50027EDFB /* Waiter */,
				9F8EABE420AC74A50027EDFB /* Products */,
				CAC09030DF52C0E91D6558F2 /* Pods */,
				EDD8CF2D12876C2BCEDF6C7B /* Frameworks */,
			);
			sourceTree = "<group>";
		};
		9F8EABE420AC74A50027EDFB /* Products */ = {
			isa = PBXGroup;
			children = (
				9F8EABE320AC74A50027EDFB /* Waiter.app */,
			);
			name = Products;
			sourceTree = "<group>";
		};
		9F8EABE520AC74A50027EDFB /* Waiter */ = {
			isa = PBXGroup;
			children = (
				9FCD91B8211011080015EF78 /* libs */,
				9FD36FD720E2B57F00B700D4 /* CoreData */,
				9F79DAAE20D52AF8002D1743 /* Singleton */,
				9FEEFDCB20C8EAB000119A35 /* Services */,
				9FEA846D20B53FF300C6DEE1 /* Utilities */,
				9FEA846A20B537CA00C6DEE1 /* Model */,
				9FEA846920B537C600C6DEE1 /* View */,
				9FEA846B20B537CF00C6DEE1 /* Controller */,
				9FEA846C20B53A6A00C6DEE1 /* Add'l Resources */,
				9F8EABF520AC74A60027EDFB /* Info.plist */,
				9F4D4ECC20D4D8F0004F4C8A /* practice.swift */,
				9FCD91BF211011430015EF78 /* Waiter_Bridge_Header.h */,
			);
			path = Waiter;
			sourceTree = "<group>";
		};
		9FCD91B8211011080015EF78 /* libs */ = {
			isa = PBXGroup;
			children = (
				9FCD91B9211011080015EF78 /* libeposeasyselect.a */,
				9FCD91BA211011080015EF78 /* ePOS2.h */,
				9FCD91BB211011080015EF78 /* libepos2.a */,
				9FCD91BC211011080015EF78 /* ePOSEasySelect.h */,
			);
			path = libs;
			sourceTree = "<group>";
		};
		9FD36FD720E2B57F00B700D4 /* CoreData */ = {
			isa = PBXGroup;
			children = (
				9F8EABED20AC74A50027EDFB /* Waiter.xcdatamodeld */,
				9FD36FDA20E2B62600B700D4 /* CategoryEntity.swift */,
				9FD36FDE20E2B67F00B700D4 /* ItemCoreData.swift */,
			);
			path = CoreData;
			sourceTree = "<group>";
		};
		9FEA846920B537C600C6DEE1 /* View */ = {
			isa = PBXGroup;
			children = (
				9F84AA4E20DB333000E6B2BB /* MenuMgmtVC - ItemOptions */,
				9F16826120CFD5D600CFE4B1 /* MenuMgmtVC - AddCategory */,
				9F16825820CFCCD800CFE4B1 /* MenuMgmtVC - AddItem */,
				9F16825720CFCCBF00CFE4B1 /* AddItem-FromMainVC */,
				9FEA845920B519DA00C6DEE1 /* SectionCell.swift */,
				9FEA845B20B51ABF00C6DEE1 /* CheckoutCell.swift */,
				9FEA846720B537A300C6DEE1 /* TableCell.swift */,
				9FEA845720B519C800C6DEE1 /* FoodCell.swift */,
				9FEA847620B630AB00C6DEE1 /* CreateRestaurantView.xib */,
				9FEA847820B630BB00C6DEE1 /* CreateRestaurantView.swift */,
				9FEEFDCE20C8FB1300119A35 /* WaiterCell.swift */,
				9F05893C20D4B842001C176D /* RoundedButton.swift */,
			);
			path = View;
			sourceTree = "<group>";
		};
		9FEA846A20B537CA00C6DEE1 /* Model */ = {
			isa = PBXGroup;
			children = (
				9FEEFDD220C8FD8F00119A35 /* StaffMember.swift */,
				9F0228CB20D25C4F00550DAD /* Category.swift */,
				9F0228CD20D25C7600550DAD /* Item.swift */,
				9F2546C920D644E900162133 /* Settings.swift */,
				9F84AA5120DB3CFA00E6B2BB /* SubItem.swift */,
				9F84AA5320DB46A600E6B2BB /* Availability.swift */,
				9F4A184220E63D270051C059 /* CategoryItems.swift */,
				9F4A184420E63D410051C059 /* CategoryDetail.swift */,
			);
			path = Model;
			sourceTree = "<group>";
		};
		9FEA846B20B537CF00C6DEE1 /* Controller */ = {
			isa = PBXGroup;
			children = (
				9FCD91C3211014960015EF78 /* DiscoveryViewController.swift */,
				9FCD91C521101D7D0015EF78 /* MessageView.swift */,
				9F8EABE820AC74A50027EDFB /* ViewController.swift */,
				9FEA847420B54C1400C6DEE1 /* WelcomeVC.swift */,
				9FEA845D20B5278B00C6DEE1 /* DashboardVC.swift */,
				9FEA845F20B5280300C6DEE1 /* LoginVC.swift */,
				9FEA846520B5304400C6DEE1 /* ContinueOrderVC.swift */,
				9FEA847020B5426600C6DEE1 /* OrderSuccessVC.swift */,
				9FEEFDD020C8FB3500119A35 /* SettingsVC.swift */,
				9FEDA94620CBD55A00201775 /* PrinterVC.swift */,
				9F67871320CC4CEB008E209F /* MenuManagementVC.swift */,
				9FD1DAC120E283B500F6AD0D /* RenameViewController.swift */,
				9FCD91AE210D637C0015EF78 /* ItemOptionPopupVC.swift */,
				9FCD91B0210DC11D0015EF78 /* BaseViewController.swift */,
			);
			path = Controller;
			sourceTree = "<group>";
		};
		9FEA846C20B53A6A00C6DEE1 /* Add'l Resources */ = {
			isa = PBXGroup;
			children = (
				9F4AC17F2104305D00D6B29B /* GoogleService-Info.plist */,
				9F4F8A6820DC060F0071E06E /* waiter.gif */,
				9F8EABE620AC74A50027EDFB /* AppDelegate.swift */,
				9F8EABEA20AC74A50027EDFB /* Main.storyboard */,
				9F8EABF020AC74A60027EDFB /* Assets.xcassets */,
				9FEA847220B544B700C6DEE1 /* ordered-animation.gif */,
				9F8EABF220AC74A60027EDFB /* LaunchScreen.storyboard */,
			);
			path = "Add'l Resources";
			sourceTree = "<group>";
		};
		9FEA846D20B53FF300C6DEE1 /* Utilities */ = {
			isa = PBXGroup;
			children = (
				9FF418F720CFF7A000EB56B6 /* Library */,
				9FEA846E20B5400700C6DEE1 /* GifExtension.swift */,
				9FEEFDC720C8E51600119A35 /* Constants.swift */,
				9FCBC0F520CA6495000BF369 /* Extensions.swift */,
				9F2546C720D62C9900162133 /* AppUser.swift */,
				9FD1DAC320E2B0E000F6AD0D /* kPParentManagedObject.swift */,
				9FAFDFA3210C716A007AA2D1 /* Utils.swift */,
			);
			path = Utilities;
			sourceTree = "<group>";
		};
		9FEEFDCB20C8EAB000119A35 /* Services */ = {
			isa = PBXGroup;
			children = (
				9FEEFDC920C8E5F000119A35 /* DataService.swift */,
				9FEEFDCC20C8EABF00119A35 /* AuthServices.swift */,
				9F4A184620E63D9D0051C059 /* DataManager.swift */,
			);
			path = Services;
			sourceTree = "<group>";
		};
		9FF418F720CFF7A000EB56B6 /* Library */ = {
			isa = PBXGroup;
			children = (
				9FF418F820CFF7A000EB56B6 /* SwiftyUserDefaults */,
			);
			path = Library;
			sourceTree = "<group>";
		};
		9FF418F820CFF7A000EB56B6 /* SwiftyUserDefaults */ = {
			isa = PBXGroup;
			children = (
				9FF418F920CFF7A000EB56B6 /* DefaultsKeys.swift */,
				9FF418FA20CFF7A000EB56B6 /* Defaults+Subscripts.swift */,
				9FF418FB20CFF7A000EB56B6 /* DefaultsSerializable+BuiltIns.swift */,
				9FF418FC20CFF7A000EB56B6 /* OptionalType.swift */,
				9FF418FD20CFF7A000EB56B6 /* DefaultsSerializable.swift */,
				9FF418FE20CFF7A000EB56B6 /* Defaults.swift */,
			);
			path = SwiftyUserDefaults;
			sourceTree = "<group>";
		};
		CAC09030DF52C0E91D6558F2 /* Pods */ = {
			isa = PBXGroup;
			children = (
				D073D3F3DE095CE468379ABA /* Pods-Waiter.debug.xcconfig */,
				3162EDBDB3A6CEDEAB9670D3 /* Pods-Waiter.release.xcconfig */,
			);
			name = Pods;
			sourceTree = "<group>";
		};
		EDD8CF2D12876C2BCEDF6C7B /* Frameworks */ = {
			isa = PBXGroup;
			children = (
				9FCD91C1211013380015EF78 /* ExternalAccessory.framework */,
				9FCD91B6211010640015EF78 /* libxml2.2.tbd */,
				67F5E9CAF18424A74655CFD8 /* Pods_Waiter.framework */,
			);
			name = Frameworks;
			sourceTree = "<group>";
		};
/* End PBXGroup section */

/* Begin PBXNativeTarget section */
		9F8EABE220AC74A50027EDFB /* Waiter */ = {
			isa = PBXNativeTarget;
			buildConfigurationList = 9F8EABF820AC74A60027EDFB /* Build configuration list for PBXNativeTarget "Waiter" */;
			buildPhases = (
				B70B5533FD6263118BC804CE /* [CP] Check Pods Manifest.lock */,
				9F8EABDF20AC74A50027EDFB /* Sources */,
				9F8EABE020AC74A50027EDFB /* Frameworks */,
				9F8EABE120AC74A50027EDFB /* Resources */,
				ECB0413B2278AF2C22E90256 /* [CP] Embed Pods Frameworks */,
			);
			buildRules = (
			);
			dependencies = (
			);
			name = Waiter;
			productName = Waiter;
			productReference = 9F8EABE320AC74A50027EDFB /* Waiter.app */;
			productType = "com.apple.product-type.application";
		};
/* End PBXNativeTarget section */

/* Begin PBXProject section */
		9F8EABDB20AC74A50027EDFB /* Project object */ = {
			isa = PBXProject;
			attributes = {
				LastSwiftUpdateCheck = 0930;
				LastUpgradeCheck = 0930;
				ORGANIZATIONNAME = "Javid Poornasir";
				TargetAttributes = {
					9F8EABE220AC74A50027EDFB = {
						CreatedOnToolsVersion = 9.3;
					};
				};
			};
			buildConfigurationList = 9F8EABDE20AC74A50027EDFB /* Build configuration list for PBXProject "Waiter" */;
			compatibilityVersion = "Xcode 9.3";
			developmentRegion = en;
			hasScannedForEncodings = 0;
			knownRegions = (
				en,
				Base,
			);
			mainGroup = 9F8EABDA20AC74A50027EDFB;
			productRefGroup = 9F8EABE420AC74A50027EDFB /* Products */;
			projectDirPath = "";
			projectRoot = "";
			targets = (
				9F8EABE220AC74A50027EDFB /* Waiter */,
			);
		};
/* End PBXProject section */

/* Begin PBXResourcesBuildPhase section */
		9F8EABE120AC74A50027EDFB /* Resources */ = {
			isa = PBXResourcesBuildPhase;
			buildActionMask = 2147483647;
			files = (
				9F8EABF420AC74A60027EDFB /* LaunchScreen.storyboard in Resources */,
				9F4AC1802104305D00D6B29B /* GoogleService-Info.plist in Resources */,
				9F8EABF120AC74A60027EDFB /* Assets.xcassets in Resources */,
				9F16825A20CFCD1700CFE4B1 /* CreateItem.xib in Resources */,
				9F8EABEC20AC74A50027EDFB /* Main.storyboard in Resources */,
				9F16826020CFD47B00CFE4B1 /* ItemOptionsView.xib in Resources */,
				9FEA847720B630AB00C6DEE1 /* CreateRestaurantView.xib in Resources */,
				9FEA846220B52CE700C6DEE1 /* AddItemView.xib in Resources */,
				9FEA847320B544B800C6DEE1 /* ordered-animation.gif in Resources */,
				9F4F8A6920DC060F0071E06E /* waiter.gif in Resources */,
				9F7A64DA20E74AFB006BF525 /* Podfile in Resources */,
			);
			runOnlyForDeploymentPostprocessing = 0;
		};
/* End PBXResourcesBuildPhase section */

/* Begin PBXShellScriptBuildPhase section */
		B70B5533FD6263118BC804CE /* [CP] Check Pods Manifest.lock */ = {
			isa = PBXShellScriptBuildPhase;
			buildActionMask = 2147483647;
			files = (
			);
			inputPaths = (
				"${PODS_PODFILE_DIR_PATH}/Podfile.lock",
				"${PODS_ROOT}/Manifest.lock",
			);
			name = "[CP] Check Pods Manifest.lock";
			outputPaths = (
				"$(DERIVED_FILE_DIR)/Pods-Waiter-checkManifestLockResult.txt",
			);
			runOnlyForDeploymentPostprocessing = 0;
			shellPath = /bin/sh;
			shellScript = "diff \"${PODS_PODFILE_DIR_PATH}/Podfile.lock\" \"${PODS_ROOT}/Manifest.lock\" > /dev/null\nif [ $? != 0 ] ; then\n    # print error to STDERR\n    echo \"error: The sandbox is not in sync with the Podfile.lock. Run 'pod install' or update your CocoaPods installation.\" >&2\n    exit 1\nfi\n# This output is used by Xcode 'outputs' to avoid re-running this script phase.\necho \"SUCCESS\" > \"${SCRIPT_OUTPUT_FILE_0}\"\n";
			showEnvVarsInLog = 0;
		};
		ECB0413B2278AF2C22E90256 /* [CP] Embed Pods Frameworks */ = {
			isa = PBXShellScriptBuildPhase;
			buildActionMask = 2147483647;
			files = (
			);
			inputPaths = (
				"${SRCROOT}/Pods/Target Support Files/Pods-Waiter/Pods-Waiter-frameworks.sh",
				"${BUILT_PRODUCTS_DIR}/DropDown/DropDown.framework",
				"${BUILT_PRODUCTS_DIR}/GTMSessionFetcher/GTMSessionFetcher.framework",
				"${BUILT_PRODUCTS_DIR}/GoogleUtilities/GoogleUtilities.framework",
				"${BUILT_PRODUCTS_DIR}/Kingfisher/Kingfisher.framework",
				"${BUILT_PRODUCTS_DIR}/NVActivityIndicatorView/NVActivityIndicatorView.framework",
				"${BUILT_PRODUCTS_DIR}/leveldb-library/leveldb.framework",
				"${BUILT_PRODUCTS_DIR}/nanopb/nanopb.framework",
			);
			name = "[CP] Embed Pods Frameworks";
			outputPaths = (
				"${TARGET_BUILD_DIR}/${FRAMEWORKS_FOLDER_PATH}/DropDown.framework",
				"${TARGET_BUILD_DIR}/${FRAMEWORKS_FOLDER_PATH}/GTMSessionFetcher.framework",
				"${TARGET_BUILD_DIR}/${FRAMEWORKS_FOLDER_PATH}/GoogleUtilities.framework",
				"${TARGET_BUILD_DIR}/${FRAMEWORKS_FOLDER_PATH}/Kingfisher.framework",
				"${TARGET_BUILD_DIR}/${FRAMEWORKS_FOLDER_PATH}/NVActivityIndicatorView.framework",
				"${TARGET_BUILD_DIR}/${FRAMEWORKS_FOLDER_PATH}/leveldb.framework",
				"${TARGET_BUILD_DIR}/${FRAMEWORKS_FOLDER_PATH}/nanopb.framework",
			);
			runOnlyForDeploymentPostprocessing = 0;
			shellPath = /bin/sh;
			shellScript = "\"${SRCROOT}/Pods/Target Support Files/Pods-Waiter/Pods-Waiter-frameworks.sh\"\n";
			showEnvVarsInLog = 0;
		};
/* End PBXShellScriptBuildPhase section */

/* Begin PBXSourcesBuildPhase section */
		9F8EABDF20AC74A50027EDFB /* Sources */ = {
			isa = PBXSourcesBuildPhase;
			buildActionMask = 2147483647;
			files = (
				9F8EABE920AC74A50027EDFB /* ViewController.swift in Sources */,
				9FEA846420B52CF800C6DEE1 /* AddItemView.swift in Sources */,
				9F16825C20CFCD2300CFE4B1 /* CreateItem.swift in Sources */,
				9FEA845C20B51ABF00C6DEE1 /* CheckoutCell.swift in Sources */,
				9FCD91C4211014970015EF78 /* DiscoveryViewController.swift in Sources */,
				9FF4190120CFF7A100EB56B6 /* DefaultsSerializable+BuiltIns.swift in Sources */,
				9FCD91B1210DC11D0015EF78 /* BaseViewController.swift in Sources */,
				9FD1DAC220E283B600F6AD0D /* RenameViewController.swift in Sources */,
				9F16826320CFD66600CFE4B1 /* AddItemCell.swift in Sources */,
				9F0228CC20D25C4F00550DAD /* Category.swift in Sources */,
				9FEA846820B537A300C6DEE1 /* TableCell.swift in Sources */,
				9F84AA5420DB46A600E6B2BB /* Availability.swift in Sources */,
				9FCD91C621101D7D0015EF78 /* MessageView.swift in Sources */,
				9F67871420CC4CEB008E209F /* MenuManagementVC.swift in Sources */,
				9FEEFDCF20C8FB1300119A35 /* WaiterCell.swift in Sources */,
				9FEA846F20B5400700C6DEE1 /* GifExtension.swift in Sources */,
				9FEA847520B54C1400C6DEE1 /* WelcomeVC.swift in Sources */,
				9F4A184320E63D270051C059 /* CategoryItems.swift in Sources */,
				9FF4190420CFF7A100EB56B6 /* Defaults.swift in Sources */,
				9F84AA5020DB338000E6B2BB /* ItemOptionCell.swift in Sources */,
				9FEEFDCA20C8E5F100119A35 /* DataService.swift in Sources */,
				9FEA846020B5280300C6DEE1 /* LoginVC.swift in Sources */,
				9FCBC0F620CA6495000BF369 /* Extensions.swift in Sources */,
				9F2546C820D62C9900162133 /* AppUser.swift in Sources */,
				9FCD91AF210D637C0015EF78 /* ItemOptionPopupVC.swift in Sources */,
				9FEEFDD120C8FB3500119A35 /* SettingsVC.swift in Sources */,
				9F67871220CC4CCD008E209F /* AddCategoryCell.swift in Sources */,
				9FD36FDB20E2B62600B700D4 /* CategoryEntity.swift in Sources */,
				9F2546CA20D644E900162133 /* Settings.swift in Sources */,
				9FEEFDD320C8FD8F00119A35 /* StaffMember.swift in Sources */,
				9FEEFDC820C8E51600119A35 /* Constants.swift in Sources */,
				9FF418FF20CFF7A100EB56B6 /* DefaultsKeys.swift in Sources */,
				9FF4190320CFF7A100EB56B6 /* DefaultsSerializable.swift in Sources */,
				9FD36FDF20E2B67F00B700D4 /* ItemCoreData.swift in Sources */,
				9F05893D20D4B842001C176D /* RoundedButton.swift in Sources */,
				9FAFDFA4210C716A007AA2D1 /* Utils.swift in Sources */,
				9FEA845E20B5278B00C6DEE1 /* DashboardVC.swift in Sources */,
				9FEA845820B519C800C6DEE1 /* FoodCell.swift in Sources */,
				9FF4190220CFF7A100EB56B6 /* OptionalType.swift in Sources */,
				9F8EABEF20AC74A50027EDFB /* Waiter.xcdatamodeld in Sources */,
				9FEA845A20B519DA00C6DEE1 /* SectionCell.swift in Sources */,
				9F16825E20CFD46400CFE4B1 /* ItemOptionsView.swift in Sources */,
				9F0228CE20D25C7600550DAD /* Item.swift in Sources */,
				9F84AA5220DB3CFA00E6B2BB /* SubItem.swift in Sources */,
				9FEA846620B5304400C6DEE1 /* ContinueOrderVC.swift in Sources */,
				9F4A184520E63D410051C059 /* CategoryDetail.swift in Sources */,
				9F79DAB020D52B11002D1743 /* Singleton.swift in Sources */,
				9FEA847120B5426600C6DEE1 /* OrderSuccessVC.swift in Sources */,
				9F4A184720E63D9D0051C059 /* DataManager.swift in Sources */,
				9FD1DAC420E2B0E000F6AD0D /* kPParentManagedObject.swift in Sources */,
				9FF4190020CFF7A100EB56B6 /* Defaults+Subscripts.swift in Sources */,
				9FEEFDCD20C8EABF00119A35 /* AuthServices.swift in Sources */,
				9FEDA94720CBD55A00201775 /* PrinterVC.swift in Sources */,
				9F8EABE720AC74A50027EDFB /* AppDelegate.swift in Sources */,
				9F4D4ECD20D4D8F0004F4C8A /* practice.swift in Sources */,
				9FEA847920B630BB00C6DEE1 /* CreateRestaurantView.swift in Sources */,
			);
			runOnlyForDeploymentPostprocessing = 0;
		};
/* End PBXSourcesBuildPhase section */

/* Begin PBXVariantGroup section */
		9F8EABEA20AC74A50027EDFB /* Main.storyboard */ = {
			isa = PBXVariantGroup;
			children = (
				9F8EABEB20AC74A50027EDFB /* Base */,
			);
			name = Main.storyboard;
			sourceTree = "<group>";
		};
		9F8EABF220AC74A60027EDFB /* LaunchScreen.storyboard */ = {
			isa = PBXVariantGroup;
			children = (
				9F8EABF320AC74A60027EDFB /* Base */,
			);
			name = LaunchScreen.storyboard;
			sourceTree = "<group>";
		};
/* End PBXVariantGroup section */

/* Begin XCBuildConfiguration section */
		9F8EABF620AC74A60027EDFB /* Debug */ = {
			isa = XCBuildConfiguration;
			buildSettings = {
				ALWAYS_SEARCH_USER_PATHS = NO;
				CLANG_ANALYZER_NONNULL = YES;
				CLANG_ANALYZER_NUMBER_OBJECT_CONVERSION = YES_AGGRESSIVE;
				CLANG_CXX_LANGUAGE_STANDARD = "gnu++14";
				CLANG_CXX_LIBRARY = "libc++";
				CLANG_ENABLE_MODULES = YES;
				CLANG_ENABLE_OBJC_ARC = YES;
				CLANG_ENABLE_OBJC_WEAK = YES;
				CLANG_WARN_BLOCK_CAPTURE_AUTORELEASING = YES;
				CLANG_WARN_BOOL_CONVERSION = YES;
				CLANG_WARN_COMMA = YES;
				CLANG_WARN_CONSTANT_CONVERSION = YES;
				CLANG_WARN_DEPRECATED_OBJC_IMPLEMENTATIONS = YES;
				CLANG_WARN_DIRECT_OBJC_ISA_USAGE = YES_ERROR;
				CLANG_WARN_DOCUMENTATION_COMMENTS = YES;
				CLANG_WARN_EMPTY_BODY = YES;
				CLANG_WARN_ENUM_CONVERSION = YES;
				CLANG_WARN_INFINITE_RECURSION = YES;
				CLANG_WARN_INT_CONVERSION = YES;
				CLANG_WARN_NON_LITERAL_NULL_CONVERSION = YES;
				CLANG_WARN_OBJC_IMPLICIT_RETAIN_SELF = YES;
				CLANG_WARN_OBJC_LITERAL_CONVERSION = YES;
				CLANG_WARN_OBJC_ROOT_CLASS = YES_ERROR;
				CLANG_WARN_RANGE_LOOP_ANALYSIS = YES;
				CLANG_WARN_STRICT_PROTOTYPES = YES;
				CLANG_WARN_SUSPICIOUS_MOVE = YES;
				CLANG_WARN_UNGUARDED_AVAILABILITY = YES_AGGRESSIVE;
				CLANG_WARN_UNREACHABLE_CODE = YES;
				CLANG_WARN__DUPLICATE_METHOD_MATCH = YES;
				CODE_SIGN_IDENTITY = "iPhone Distribution";
				CODE_SIGN_STYLE = Manual;
				COPY_PHASE_STRIP = NO;
				DEBUG_INFORMATION_FORMAT = dwarf;
				DEVELOPMENT_TEAM = VWFZU9229C;
				ENABLE_STRICT_OBJC_MSGSEND = YES;
				ENABLE_TESTABILITY = YES;
				GCC_C_LANGUAGE_STANDARD = gnu11;
				GCC_DYNAMIC_NO_PIC = NO;
				GCC_NO_COMMON_BLOCKS = YES;
				GCC_OPTIMIZATION_LEVEL = 0;
				GCC_PREPROCESSOR_DEFINITIONS = (
					"DEBUG=1",
					"$(inherited)",
				);
				GCC_WARN_64_TO_32_BIT_CONVERSION = YES;
				GCC_WARN_ABOUT_RETURN_TYPE = YES_ERROR;
				GCC_WARN_UNDECLARED_SELECTOR = YES;
				GCC_WARN_UNINITIALIZED_AUTOS = YES_AGGRESSIVE;
				GCC_WARN_UNUSED_FUNCTION = YES;
				GCC_WARN_UNUSED_VARIABLE = YES;
				IPHONEOS_DEPLOYMENT_TARGET = 11.3;
				MTL_ENABLE_DEBUG_INFO = YES;
				ONLY_ACTIVE_ARCH = YES;
				PROVISIONING_PROFILE = "ff3e62b7-670e-490c-8e83-a71c10176826";
				SDKROOT = iphoneos;
				SWIFT_ACTIVE_COMPILATION_CONDITIONS = DEBUG;
				SWIFT_COMPILATION_MODE = wholemodule;
				SWIFT_OPTIMIZATION_LEVEL = "-Onone";
			};
			name = Debug;
		};
		9F8EABF720AC74A60027EDFB /* Release */ = {
			isa = XCBuildConfiguration;
			buildSettings = {
				ALWAYS_SEARCH_USER_PATHS = NO;
				CLANG_ANALYZER_NONNULL = YES;
				CLANG_ANALYZER_NUMBER_OBJECT_CONVERSION = YES_AGGRESSIVE;
				CLANG_CXX_LANGUAGE_STANDARD = "gnu++14";
				CLANG_CXX_LIBRARY = "libc++";
				CLANG_ENABLE_MODULES = YES;
				CLANG_ENABLE_OBJC_ARC = YES;
				CLANG_ENABLE_OBJC_WEAK = YES;
				CLANG_WARN_BLOCK_CAPTURE_AUTORELEASING = YES;
				CLANG_WARN_BOOL_CONVERSION = YES;
				CLANG_WARN_COMMA = YES;
				CLANG_WARN_CONSTANT_CONVERSION = YES;
				CLANG_WARN_DEPRECATED_OBJC_IMPLEMENTATIONS = YES;
				CLANG_WARN_DIRECT_OBJC_ISA_USAGE = YES_ERROR;
				CLANG_WARN_DOCUMENTATION_COMMENTS = YES;
				CLANG_WARN_EMPTY_BODY = YES;
				CLANG_WARN_ENUM_CONVERSION = YES;
				CLANG_WARN_INFINITE_RECURSION = YES;
				CLANG_WARN_INT_CONVERSION = YES;
				CLANG_WARN_NON_LITERAL_NULL_CONVERSION = YES;
				CLANG_WARN_OBJC_IMPLICIT_RETAIN_SELF = YES;
				CLANG_WARN_OBJC_LITERAL_CONVERSION = YES;
				CLANG_WARN_OBJC_ROOT_CLASS = YES_ERROR;
				CLANG_WARN_RANGE_LOOP_ANALYSIS = YES;
				CLANG_WARN_STRICT_PROTOTYPES = YES;
				CLANG_WARN_SUSPICIOUS_MOVE = YES;
				CLANG_WARN_UNGUARDED_AVAILABILITY = YES_AGGRESSIVE;
				CLANG_WARN_UNREACHABLE_CODE = YES;
				CLANG_WARN__DUPLICATE_METHOD_MATCH = YES;
				CODE_SIGN_IDENTITY = "iPhone Distribution";
				CODE_SIGN_STYLE = Manual;
				COPY_PHASE_STRIP = NO;
				DEBUG_INFORMATION_FORMAT = "dwarf-with-dsym";
				DEVELOPMENT_TEAM = VWFZU9229C;
				ENABLE_NS_ASSERTIONS = NO;
				ENABLE_STRICT_OBJC_MSGSEND = YES;
				GCC_C_LANGUAGE_STANDARD = gnu11;
				GCC_NO_COMMON_BLOCKS = YES;
				GCC_WARN_64_TO_32_BIT_CONVERSION = YES;
				GCC_WARN_ABOUT_RETURN_TYPE = YES_ERROR;
				GCC_WARN_UNDECLARED_SELECTOR = YES;
				GCC_WARN_UNINITIALIZED_AUTOS = YES_AGGRESSIVE;
				GCC_WARN_UNUSED_FUNCTION = YES;
				GCC_WARN_UNUSED_VARIABLE = YES;
				IPHONEOS_DEPLOYMENT_TARGET = 11.3;
				MTL_ENABLE_DEBUG_INFO = NO;
				PROVISIONING_PROFILE = "ff3e62b7-670e-490c-8e83-a71c10176826";
				SDKROOT = iphoneos;
				SWIFT_COMPILATION_MODE = wholemodule;
				SWIFT_OPTIMIZATION_LEVEL = "-O";
				VALIDATE_PRODUCT = YES;
			};
			name = Release;
		};
		9F8EABF920AC74A60027EDFB /* Debug */ = {
			isa = XCBuildConfiguration;
			baseConfigurationReference = D073D3F3DE095CE468379ABA /* Pods-Waiter.debug.xcconfig */;
			buildSettings = {
				ASSETCATALOG_COMPILER_APPICON_NAME = AppIcon;
				CODE_SIGN_IDENTITY = "iPhone Developer";
				CODE_SIGN_STYLE = Manual;
				DEVELOPMENT_TEAM = VWFZU9229C;
				GCC_INCREASE_PRECOMPILED_HEADER_SHARING = NO;
				INFOPLIST_FILE = Waiter/Info.plist;
				IPHONEOS_DEPLOYMENT_TARGET = 11.0;
				LD_RUNPATH_SEARCH_PATHS = (
					"$(inherited)",
					"@executable_path/Frameworks",
				);
				LIBRARY_SEARCH_PATHS = (
					"$(inherited)",
					"$(PROJECT_DIR)/Waiter/libs",
				);
				PRODUCT_BUNDLE_IDENTIFIER = com.cleandev.Waiter;
				PRODUCT_NAME = "$(TARGET_NAME)";
				PROVISIONING_PROFILE = "ee8a1d18-6bdf-40c6-b7c3-d2ecd82b6f29";
				PROVISIONING_PROFILE_SPECIFIER = "waiter-dpp";
				SWIFT_ENABLE_BATCH_MODE = NO;
				SWIFT_OBJC_BRIDGING_HEADER = "/Users/javidpoornasir/Desktop/2019/SW/My iOS/Waiter-2018/Waiter/Waiter_Bridge_Header.h";
				SWIFT_OPTIMIZATION_LEVEL = "-Onone";
				SWIFT_VERSION = 4.2;
				TARGETED_DEVICE_FAMILY = 2;
			};
			name = Debug;
		};
		9F8EABFA20AC74A60027EDFB /* Release */ = {
			isa = XCBuildConfiguration;
			baseConfigurationReference = 3162EDBDB3A6CEDEAB9670D3 /* Pods-Waiter.release.xcconfig */;
			buildSettings = {
				ASSETCATALOG_COMPILER_APPICON_NAME = AppIcon;
				CODE_SIGN_IDENTITY = "iPhone Distribution";
				CODE_SIGN_STYLE = Manual;
				DEVELOPMENT_TEAM = VWFZU9229C;
				GCC_INCREASE_PRECOMPILED_HEADER_SHARING = NO;
				INFOPLIST_FILE = Waiter/Info.plist;
				IPHONEOS_DEPLOYMENT_TARGET = 11.0;
				LD_RUNPATH_SEARCH_PATHS = (
					"$(inherited)",
					"@executable_path/Frameworks",
				);
				LIBRARY_SEARCH_PATHS = (
					"$(inherited)",
					"$(PROJECT_DIR)/Waiter/libs",
				);
				PRODUCT_BUNDLE_IDENTIFIER = com.cleandev.Waiter;
				PRODUCT_NAME = "$(TARGET_NAME)";
				PROVISIONING_PROFILE = "ff3e62b7-670e-490c-8e83-a71c10176826";
				PROVISIONING_PROFILE_SPECIFIER = "waiter-ppp";
				SWIFT_ENABLE_BATCH_MODE = NO;
				SWIFT_OBJC_BRIDGING_HEADER = "/Users/javidpoornasir/Desktop/2019/SW/My iOS/Waiter-2018/Waiter/Waiter_Bridge_Header.h";
				SWIFT_OPTIMIZATION_LEVEL = "-Onone";
				SWIFT_VERSION = 4.2;
				TARGETED_DEVICE_FAMILY = 2;
			};
			name = Release;
		};
/* End XCBuildConfiguration section */

/* Begin XCConfigurationList section */
		9F8EABDE20AC74A50027EDFB /* Build configuration list for PBXProject "Waiter" */ = {
			isa = XCConfigurationList;
			buildConfigurations = (
				9F8EABF620AC74A60027EDFB /* Debug */,
				9F8EABF720AC74A60027EDFB /* Release */,
			);
			defaultConfigurationIsVisible = 0;
			defaultConfigurationName = Release;
		};
		9F8EABF820AC74A60027EDFB /* Build configuration list for PBXNativeTarget "Waiter" */ = {
			isa = XCConfigurationList;
			buildConfigurations = (
				9F8EABF920AC74A60027EDFB /* Debug */,
				9F8EABFA20AC74A60027EDFB /* Release */,
			);
			defaultConfigurationIsVisible = 0;
			defaultConfigurationName = Release;
		};
/* End XCConfigurationList section */

/* Begin XCVersionGroup section */
		9F8EABED20AC74A50027EDFB /* Waiter.xcdatamodeld */ = {
			isa = XCVersionGroup;
			children = (
				9F8EABEE20AC74A50027EDFB /* Waiter.xcdatamodel */,
			);
			currentVersion = 9F8EABEE20AC74A50027EDFB /* Waiter.xcdatamodel */;
			path = Waiter.xcdatamodeld;
			sourceTree = "<group>";
			versionGroupType = wrapper.xcdatamodel;
		};
/* End XCVersionGroup section */
	};
	rootObject = 9F8EABDB20AC74A50027EDFB /* Project object */;
}
