// !$*UTF8*$!
{
	archiveVersion = 1;
	classes = {
	};
	objectVersion = 50;
	objects = {

/* Begin PBXBuildFile section */
		9F8EABE720AC74A50027EDFB /* AppDelegate.swift in Sources */ = {isa = PBXBuildFile; fileRef = 9F8EABE620AC74A50027EDFB /* AppDelegate.swift */; };
		9F8EABE920AC74A50027EDFB /* ViewController.swift in Sources */ = {isa = PBXBuildFile; fileRef = 9F8EABE820AC74A50027EDFB /* ViewController.swift */; };
		9F8EABEC20AC74A50027EDFB /* Main.storyboard in Resources */ = {isa = PBXBuildFile; fileRef = 9F8EABEA20AC74A50027EDFB /* Main.storyboard */; };
		9F8EABEF20AC74A50027EDFB /* Waiter.xcdatamodeld in Sources */ = {isa = PBXBuildFile; fileRef = 9F8EABED20AC74A50027EDFB /* Waiter.xcdatamodeld */; };
		9F8EABF120AC74A60027EDFB /* Assets.xcassets in Resources */ = {isa = PBXBuildFile; fileRef = 9F8EABF020AC74A60027EDFB /* Assets.xcassets */; };
		9F8EABF420AC74A60027EDFB /* LaunchScreen.storyboard in Resources */ = {isa = PBXBuildFile; fileRef = 9F8EABF220AC74A60027EDFB /* LaunchScreen.storyboard */; };
		9FEA845820B519C800C6DEE1 /* FoodCell.swift in Sources */ = {isa = PBXBuildFile; fileRef = 9FEA845720B519C800C6DEE1 /* FoodCell.swift */; };
		9FEA845A20B519DA00C6DEE1 /* SectionCell.swift in Sources */ = {isa = PBXBuildFile; fileRef = 9FEA845920B519DA00C6DEE1 /* SectionCell.swift */; };
		9FEA845C20B51ABF00C6DEE1 /* CheckoutCell.swift in Sources */ = {isa = PBXBuildFile; fileRef = 9FEA845B20B51ABF00C6DEE1 /* CheckoutCell.swift */; };
		9FEA845E20B5278B00C6DEE1 /* DashboardVC.swift in Sources */ = {isa = PBXBuildFile; fileRef = 9FEA845D20B5278B00C6DEE1 /* DashboardVC.swift */; };
		9FEA846020B5280300C6DEE1 /* LoginVC.swift in Sources */ = {isa = PBXBuildFile; fileRef = 9FEA845F20B5280300C6DEE1 /* LoginVC.swift */; };
		9FEA846220B52CE700C6DEE1 /* AddItemView.xib in Resources */ = {isa = PBXBuildFile; fileRef = 9FEA846120B52CE700C6DEE1 /* AddItemView.xib */; };
		9FEA846420B52CF800C6DEE1 /* AddItemView.swift in Sources */ = {isa = PBXBuildFile; fileRef = 9FEA846320B52CF800C6DEE1 /* AddItemView.swift */; };
		9FEA846620B5304400C6DEE1 /* ContinueOrderVC.swift in Sources */ = {isa = PBXBuildFile; fileRef = 9FEA846520B5304400C6DEE1 /* ContinueOrderVC.swift */; };
		9FEA846820B537A300C6DEE1 /* TableCell.swift in Sources */ = {isa = PBXBuildFile; fileRef = 9FEA846720B537A300C6DEE1 /* TableCell.swift */; };
		9FEA846F20B5400700C6DEE1 /* GifExtension.swift in Sources */ = {isa = PBXBuildFile; fileRef = 9FEA846E20B5400700C6DEE1 /* GifExtension.swift */; };
		9FEA847120B5426600C6DEE1 /* OrderSuccessVC.swift in Sources */ = {isa = PBXBuildFile; fileRef = 9FEA847020B5426600C6DEE1 /* OrderSuccessVC.swift */; };
		9FEA847320B544B800C6DEE1 /* ordered-animation.gif in Resources */ = {isa = PBXBuildFile; fileRef = 9FEA847220B544B700C6DEE1 /* ordered-animation.gif */; };
		9FEA847520B54C1400C6DEE1 /* WelcomeVC.swift in Sources */ = {isa = PBXBuildFile; fileRef = 9FEA847420B54C1400C6DEE1 /* WelcomeVC.swift */; };
/* End PBXBuildFile section */

/* Begin PBXFileReference section */
		9F8EABE320AC74A50027EDFB /* Waiter.app */ = {isa = PBXFileReference; explicitFileType = wrapper.application; includeInIndex = 0; path = Waiter.app; sourceTree = BUILT_PRODUCTS_DIR; };
		9F8EABE620AC74A50027EDFB /* AppDelegate.swift */ = {isa = PBXFileReference; lastKnownFileType = sourcecode.swift; path = AppDelegate.swift; sourceTree = "<group>"; };
		9F8EABE820AC74A50027EDFB /* ViewController.swift */ = {isa = PBXFileReference; lastKnownFileType = sourcecode.swift; path = ViewController.swift; sourceTree = "<group>"; };
		9F8EABEB20AC74A50027EDFB /* Base */ = {isa = PBXFileReference; lastKnownFileType = file.storyboard; name = Base; path = Base.lproj/Main.storyboard; sourceTree = "<group>"; };
		9F8EABEE20AC74A50027EDFB /* Waiter.xcdatamodel */ = {isa = PBXFileReference; lastKnownFileType = wrapper.xcdatamodel; path = Waiter.xcdatamodel; sourceTree = "<group>"; };
		9F8EABF020AC74A60027EDFB /* Assets.xcassets */ = {isa = PBXFileReference; lastKnownFileType = folder.assetcatalog; path = Assets.xcassets; sourceTree = "<group>"; };
		9F8EABF320AC74A60027EDFB /* Base */ = {isa = PBXFileReference; lastKnownFileType = file.storyboard; name = Base; path = Base.lproj/LaunchScreen.storyboard; sourceTree = "<group>"; };
		9F8EABF520AC74A60027EDFB /* Info.plist */ = {isa = PBXFileReference; lastKnownFileType = text.plist.xml; path = Info.plist; sourceTree = "<group>"; };
		9FEA845720B519C800C6DEE1 /* FoodCell.swift */ = {isa = PBXFileReference; lastKnownFileType = sourcecode.swift; path = FoodCell.swift; sourceTree = "<group>"; };
		9FEA845920B519DA00C6DEE1 /* SectionCell.swift */ = {isa = PBXFileReference; lastKnownFileType = sourcecode.swift; path = SectionCell.swift; sourceTree = "<group>"; };
		9FEA845B20B51ABF00C6DEE1 /* CheckoutCell.swift */ = {isa = PBXFileReference; lastKnownFileType = sourcecode.swift; path = CheckoutCell.swift; sourceTree = "<group>"; };
		9FEA845D20B5278B00C6DEE1 /* DashboardVC.swift */ = {isa = PBXFileReference; lastKnownFileType = sourcecode.swift; path = DashboardVC.swift; sourceTree = "<group>"; };
		9FEA845F20B5280300C6DEE1 /* LoginVC.swift */ = {isa = PBXFileReference; lastKnownFileType = sourcecode.swift; path = LoginVC.swift; sourceTree = "<group>"; };
		9FEA846120B52CE700C6DEE1 /* AddItemView.xib */ = {isa = PBXFileReference; lastKnownFileType = file.xib; path = AddItemView.xib; sourceTree = "<group>"; };
		9FEA846320B52CF800C6DEE1 /* AddItemView.swift */ = {isa = PBXFileReference; lastKnownFileType = sourcecode.swift; path = AddItemView.swift; sourceTree = "<group>"; };
		9FEA846520B5304400C6DEE1 /* ContinueOrderVC.swift */ = {isa = PBXFileReference; lastKnownFileType = sourcecode.swift; path = ContinueOrderVC.swift; sourceTree = "<group>"; };
		9FEA846720B537A300C6DEE1 /* TableCell.swift */ = {isa = PBXFileReference; lastKnownFileType = sourcecode.swift; path = TableCell.swift; sourceTree = "<group>"; };
		9FEA846E20B5400700C6DEE1 /* GifExtension.swift */ = {isa = PBXFileReference; lastKnownFileType = sourcecode.swift; path = GifExtension.swift; sourceTree = "<group>"; };
		9FEA847020B5426600C6DEE1 /* OrderSuccessVC.swift */ = {isa = PBXFileReference; lastKnownFileType = sourcecode.swift; path = OrderSuccessVC.swift; sourceTree = "<group>"; };
		9FEA847220B544B700C6DEE1 /* ordered-animation.gif */ = {isa = PBXFileReference; lastKnownFileType = image.gif; path = "ordered-animation.gif"; sourceTree = "<group>"; };
		9FEA847420B54C1400C6DEE1 /* WelcomeVC.swift */ = {isa = PBXFileReference; lastKnownFileType = sourcecode.swift; path = WelcomeVC.swift; sourceTree = "<group>"; };
/* End PBXFileReference section */

/* Begin PBXFrameworksBuildPhase section */
		9F8EABE020AC74A50027EDFB /* Frameworks */ = {
			isa = PBXFrameworksBuildPhase;
			buildActionMask = 2147483647;
			files = (
			);
			runOnlyForDeploymentPostprocessing = 0;
		};
/* End PBXFrameworksBuildPhase section */

/* Begin PBXGroup section */
		9F8EABDA20AC74A50027EDFB = {
			isa = PBXGroup;
			children = (
				9F8EABE520AC74A50027EDFB /* Waiter */,
				9F8EABE420AC74A50027EDFB /* Products */,
			);
			sourceTree = "<group>";
		};
		9F8EABE420AC74A50027EDFB /* Products */ = {
			isa = PBXGroup;
			children = (
				9F8EABE320AC74A50027EDFB /* Waiter.app */,
			);
			name = Products;
			sourceTree = "<group>";
		};
		9F8EABE520AC74A50027EDFB /* Waiter */ = {
			isa = PBXGroup;
			children = (
				9FEA846D20B53FF300C6DEE1 /* Utilities */,
				9FEA846A20B537CA00C6DEE1 /* Model */,
				9FEA846920B537C600C6DEE1 /* View */,
				9FEA846B20B537CF00C6DEE1 /* Controller */,
				9FEA846C20B53A6A00C6DEE1 /* Add'l Resources */,
				9F8EABF520AC74A60027EDFB /* Info.plist */,
				9FEA847420B54C1400C6DEE1 /* WelcomeVC.swift */,
			);
			path = Waiter;
			sourceTree = "<group>";
		};
		9FEA846920B537C600C6DEE1 /* View */ = {
			isa = PBXGroup;
			children = (
				9FEA845920B519DA00C6DEE1 /* SectionCell.swift */,
				9FEA845B20B51ABF00C6DEE1 /* CheckoutCell.swift */,
				9FEA846720B537A300C6DEE1 /* TableCell.swift */,
				9FEA845720B519C800C6DEE1 /* FoodCell.swift */,
				9FEA846320B52CF800C6DEE1 /* AddItemView.swift */,
				9FEA846120B52CE700C6DEE1 /* AddItemView.xib */,
			);
			path = View;
			sourceTree = "<group>";
		};
		9FEA846A20B537CA00C6DEE1 /* Model */ = {
			isa = PBXGroup;
			children = (
			);
			path = Model;
			sourceTree = "<group>";
		};
		9FEA846B20B537CF00C6DEE1 /* Controller */ = {
			isa = PBXGroup;
			children = (
				9F8EABE820AC74A50027EDFB /* ViewController.swift */,
				9FEA845D20B5278B00C6DEE1 /* DashboardVC.swift */,
				9FEA845F20B5280300C6DEE1 /* LoginVC.swift */,
				9FEA846520B5304400C6DEE1 /* ContinueOrderVC.swift */,
				9FEA847020B5426600C6DEE1 /* OrderSuccessVC.swift */,
			);
			path = Controller;
			sourceTree = "<group>";
		};
		9FEA846C20B53A6A00C6DEE1 /* Add'l Resources */ = {
			isa = PBXGroup;
			children = (
				9F8EABE620AC74A50027EDFB /* AppDelegate.swift */,
				9F8EABEA20AC74A50027EDFB /* Main.storyboard */,
				9F8EABF020AC74A60027EDFB /* Assets.xcassets */,
				9FEA847220B544B700C6DEE1 /* ordered-animation.gif */,
				9F8EABF220AC74A60027EDFB /* LaunchScreen.storyboard */,
				9F8EABED20AC74A50027EDFB /* Waiter.xcdatamodeld */,
			);
			path = "Add'l Resources";
			sourceTree = "<group>";
		};
		9FEA846D20B53FF300C6DEE1 /* Utilities */ = {
			isa = PBXGroup;
			children = (
				9FEA846E20B5400700C6DEE1 /* GifExtension.swift */,
			);
			path = Utilities;
			sourceTree = "<group>";
		};
/* End PBXGroup section */

/* Begin PBXNativeTarget section */
		9F8EABE220AC74A50027EDFB /* Waiter */ = {
			isa = PBXNativeTarget;
			buildConfigurationList = 9F8EABF820AC74A60027EDFB /* Build configuration list for PBXNativeTarget "Waiter" */;
			buildPhases = (
				9F8EABDF20AC74A50027EDFB /* Sources */,
				9F8EABE020AC74A50027EDFB /* Frameworks */,
				9F8EABE120AC74A50027EDFB /* Resources */,
			);
			buildRules = (
			);
			dependencies = (
			);
			name = Waiter;
			productName = Waiter;
			productReference = 9F8EABE320AC74A50027EDFB /* Waiter.app */;
			productType = "com.apple.product-type.application";
		};
/* End PBXNativeTarget section */

/* Begin PBXProject section */
		9F8EABDB20AC74A50027EDFB /* Project object */ = {
			isa = PBXProject;
			attributes = {
				LastSwiftUpdateCheck = 0930;
				LastUpgradeCheck = 0930;
				ORGANIZATIONNAME = "Javid Poornasir";
				TargetAttributes = {
					9F8EABE220AC74A50027EDFB = {
						CreatedOnToolsVersion = 9.3;
					};
				};
			};
			buildConfigurationList = 9F8EABDE20AC74A50027EDFB /* Build configuration list for PBXProject "Waiter" */;
			compatibilityVersion = "Xcode 9.3";
			developmentRegion = en;
			hasScannedForEncodings = 0;
			knownRegions = (
				en,
				Base,
			);
			mainGroup = 9F8EABDA20AC74A50027EDFB;
			productRefGroup = 9F8EABE420AC74A50027EDFB /* Products */;
			projectDirPath = "";
			projectRoot = "";
			targets = (
				9F8EABE220AC74A50027EDFB /* Waiter */,
			);
		};
/* End PBXProject section */

/* Begin PBXResourcesBuildPhase section */
		9F8EABE120AC74A50027EDFB /* Resources */ = {
			isa = PBXResourcesBuildPhase;
			buildActionMask = 2147483647;
			files = (
				9F8EABF420AC74A60027EDFB /* LaunchScreen.storyboard in Resources */,
				9F8EABF120AC74A60027EDFB /* Assets.xcassets in Resources */,
				9F8EABEC20AC74A50027EDFB /* Main.storyboard in Resources */,
				9FEA846220B52CE700C6DEE1 /* AddItemView.xib in Resources */,
				9FEA847320B544B800C6DEE1 /* ordered-animation.gif in Resources */,
			);
			runOnlyForDeploymentPostprocessing = 0;
		};
/* End PBXResourcesBuildPhase section */

/* Begin PBXSourcesBuildPhase section */
		9F8EABDF20AC74A50027EDFB /* Sources */ = {
			isa = PBXSourcesBuildPhase;
			buildActionMask = 2147483647;
			files = (
				9F8EABE920AC74A50027EDFB /* ViewController.swift in Sources */,
				9FEA846420B52CF800C6DEE1 /* AddItemView.swift in Sources */,
				9FEA845C20B51ABF00C6DEE1 /* CheckoutCell.swift in Sources */,
				9FEA846820B537A300C6DEE1 /* TableCell.swift in Sources */,
				9FEA846F20B5400700C6DEE1 /* GifExtension.swift in Sources */,
				9FEA847520B54C1400C6DEE1 /* WelcomeVC.swift in Sources */,
				9FEA846020B5280300C6DEE1 /* LoginVC.swift in Sources */,
				9FEA845E20B5278B00C6DEE1 /* DashboardVC.swift in Sources */,
				9FEA845820B519C800C6DEE1 /* FoodCell.swift in Sources */,
				9F8EABEF20AC74A50027EDFB /* Waiter.xcdatamodeld in Sources */,
				9FEA845A20B519DA00C6DEE1 /* SectionCell.swift in Sources */,
				9FEA846620B5304400C6DEE1 /* ContinueOrderVC.swift in Sources */,
				9FEA847120B5426600C6DEE1 /* OrderSuccessVC.swift in Sources */,
				9F8EABE720AC74A50027EDFB /* AppDelegate.swift in Sources */,
			);
			runOnlyForDeploymentPostprocessing = 0;
		};
/* End PBXSourcesBuildPhase section */

/* Begin PBXVariantGroup section */
		9F8EABEA20AC74A50027EDFB /* Main.storyboard */ = {
			isa = PBXVariantGroup;
			children = (
				9F8EABEB20AC74A50027EDFB /* Base */,
			);
			name = Main.storyboard;
			sourceTree = "<group>";
		};
		9F8EABF220AC74A60027EDFB /* LaunchScreen.storyboard */ = {
			isa = PBXVariantGroup;
			children = (
				9F8EABF320AC74A60027EDFB /* Base */,
			);
			name = LaunchScreen.storyboard;
			sourceTree = "<group>";
		};
/* End PBXVariantGroup section */

/* Begin XCBuildConfiguration section */
		9F8EABF620AC74A60027EDFB /* Debug */ = {
			isa = XCBuildConfiguration;
			buildSettings = {
				ALWAYS_SEARCH_USER_PATHS = NO;
				CLANG_ANALYZER_NONNULL = YES;
				CLANG_ANALYZER_NUMBER_OBJECT_CONVERSION = YES_AGGRESSIVE;
				CLANG_CXX_LANGUAGE_STANDARD = "gnu++14";
				CLANG_CXX_LIBRARY = "libc++";
				CLANG_ENABLE_MODULES = YES;
				CLANG_ENABLE_OBJC_ARC = YES;
				CLANG_ENABLE_OBJC_WEAK = YES;
				CLANG_WARN_BLOCK_CAPTURE_AUTORELEASING = YES;
				CLANG_WARN_BOOL_CONVERSION = YES;
				CLANG_WARN_COMMA = YES;
				CLANG_WARN_CONSTANT_CONVERSION = YES;
				CLANG_WARN_DEPRECATED_OBJC_IMPLEMENTATIONS = YES;
				CLANG_WARN_DIRECT_OBJC_ISA_USAGE = YES_ERROR;
				CLANG_WARN_DOCUMENTATION_COMMENTS = YES;
				CLANG_WARN_EMPTY_BODY = YES;
				CLANG_WARN_ENUM_CONVERSION = YES;
				CLANG_WARN_INFINITE_RECURSION = YES;
				CLANG_WARN_INT_CONVERSION = YES;
				CLANG_WARN_NON_LITERAL_NULL_CONVERSION = YES;
				CLANG_WARN_OBJC_IMPLICIT_RETAIN_SELF = YES;
				CLANG_WARN_OBJC_LITERAL_CONVERSION = YES;
				CLANG_WARN_OBJC_ROOT_CLASS = YES_ERROR;
				CLANG_WARN_RANGE_LOOP_ANALYSIS = YES;
				CLANG_WARN_STRICT_PROTOTYPES = YES;
				CLANG_WARN_SUSPICIOUS_MOVE = YES;
				CLANG_WARN_UNGUARDED_AVAILABILITY = YES_AGGRESSIVE;
				CLANG_WARN_UNREACHABLE_CODE = YES;
				CLANG_WARN__DUPLICATE_METHOD_MATCH = YES;
				CODE_SIGN_IDENTITY = "iPhone Developer";
				COPY_PHASE_STRIP = NO;
				DEBUG_INFORMATION_FORMAT = dwarf;
				ENABLE_STRICT_OBJC_MSGSEND = YES;
				ENABLE_TESTABILITY = YES;
				GCC_C_LANGUAGE_STANDARD = gnu11;
				GCC_DYNAMIC_NO_PIC = NO;
				GCC_NO_COMMON_BLOCKS = YES;
				GCC_OPTIMIZATION_LEVEL = 0;
				GCC_PREPROCESSOR_DEFINITIONS = (
					"DEBUG=1",
					"$(inherited)",
				);
				GCC_WARN_64_TO_32_BIT_CONVERSION = YES;
				GCC_WARN_ABOUT_RETURN_TYPE = YES_ERROR;
				GCC_WARN_UNDECLARED_SELECTOR = YES;
				GCC_WARN_UNINITIALIZED_AUTOS = YES_AGGRESSIVE;
				GCC_WARN_UNUSED_FUNCTION = YES;
				GCC_WARN_UNUSED_VARIABLE = YES;
				IPHONEOS_DEPLOYMENT_TARGET = 11.3;
				MTL_ENABLE_DEBUG_INFO = YES;
				ONLY_ACTIVE_ARCH = YES;
				SDKROOT = iphoneos;
				SWIFT_ACTIVE_COMPILATION_CONDITIONS = DEBUG;
				SWIFT_OPTIMIZATION_LEVEL = "-Onone";
			};
			name = Debug;
		};
		9F8EABF720AC74A60027EDFB /* Release */ = {
			isa = XCBuildConfiguration;
			buildSettings = {
				ALWAYS_SEARCH_USER_PATHS = NO;
				CLANG_ANALYZER_NONNULL = YES;
				CLANG_ANALYZER_NUMBER_OBJECT_CONVERSION = YES_AGGRESSIVE;
				CLANG_CXX_LANGUAGE_STANDARD = "gnu++14";
				CLANG_CXX_LIBRARY = "libc++";
				CLANG_ENABLE_MODULES = YES;
				CLANG_ENABLE_OBJC_ARC = YES;
				CLANG_ENABLE_OBJC_WEAK = YES;
				CLANG_WARN_BLOCK_CAPTURE_AUTORELEASING = YES;
				CLANG_WARN_BOOL_CONVERSION = YES;
				CLANG_WARN_COMMA = YES;
				CLANG_WARN_CONSTANT_CONVERSION = YES;
				CLANG_WARN_DEPRECATED_OBJC_IMPLEMENTATIONS = YES;
				CLANG_WARN_DIRECT_OBJC_ISA_USAGE = YES_ERROR;
				CLANG_WARN_DOCUMENTATION_COMMENTS = YES;
				CLANG_WARN_EMPTY_BODY = YES;
				CLANG_WARN_ENUM_CONVERSION = YES;
				CLANG_WARN_INFINITE_RECURSION = YES;
				CLANG_WARN_INT_CONVERSION = YES;
				CLANG_WARN_NON_LITERAL_NULL_CONVERSION = YES;
				CLANG_WARN_OBJC_IMPLICIT_RETAIN_SELF = YES;
				CLANG_WARN_OBJC_LITERAL_CONVERSION = YES;
				CLANG_WARN_OBJC_ROOT_CLASS = YES_ERROR;
				CLANG_WARN_RANGE_LOOP_ANALYSIS = YES;
				CLANG_WARN_STRICT_PROTOTYPES = YES;
				CLANG_WARN_SUSPICIOUS_MOVE = YES;
				CLANG_WARN_UNGUARDED_AVAILABILITY = YES_AGGRESSIVE;
				CLANG_WARN_UNREACHABLE_CODE = YES;
				CLANG_WARN__DUPLICATE_METHOD_MATCH = YES;
				CODE_SIGN_IDENTITY = "iPhone Developer";
				COPY_PHASE_STRIP = NO;
				DEBUG_INFORMATION_FORMAT = "dwarf-with-dsym";
				ENABLE_NS_ASSERTIONS = NO;
				ENABLE_STRICT_OBJC_MSGSEND = YES;
				GCC_C_LANGUAGE_STANDARD = gnu11;
				GCC_NO_COMMON_BLOCKS = YES;
				GCC_WARN_64_TO_32_BIT_CONVERSION = YES;
				GCC_WARN_ABOUT_RETURN_TYPE = YES_ERROR;
				GCC_WARN_UNDECLARED_SELECTOR = YES;
				GCC_WARN_UNINITIALIZED_AUTOS = YES_AGGRESSIVE;
				GCC_WARN_UNUSED_FUNCTION = YES;
				GCC_WARN_UNUSED_VARIABLE = YES;
				IPHONEOS_DEPLOYMENT_TARGET = 11.3;
				MTL_ENABLE_DEBUG_INFO = NO;
				SDKROOT = iphoneos;
				SWIFT_COMPILATION_MODE = wholemodule;
				SWIFT_OPTIMIZATION_LEVEL = "-O";
				VALIDATE_PRODUCT = YES;
			};
			name = Release;
		};
		9F8EABF920AC74A60027EDFB /* Debug */ = {
			isa = XCBuildConfiguration;
			buildSettings = {
				ASSETCATALOG_COMPILER_APPICON_NAME = AppIcon;
				CODE_SIGN_STYLE = Automatic;
				DEVELOPMENT_TEAM = VWFZU9229C;
				INFOPLIST_FILE = Waiter/Info.plist;
				LD_RUNPATH_SEARCH_PATHS = (
					"$(inherited)",
					"@executable_path/Frameworks",
				);
				PRODUCT_BUNDLE_IDENTIFIER = com.cleandev.Waiter;
				PRODUCT_NAME = "$(TARGET_NAME)";
				SWIFT_VERSION = 4.0;
				TARGETED_DEVICE_FAMILY = "1,2";
			};
			name = Debug;
		};
		9F8EABFA20AC74A60027EDFB /* Release */ = {
			isa = XCBuildConfiguration;
			buildSettings = {
				ASSETCATALOG_COMPILER_APPICON_NAME = AppIcon;
				CODE_SIGN_STYLE = Automatic;
				DEVELOPMENT_TEAM = VWFZU9229C;
				INFOPLIST_FILE = Waiter/Info.plist;
				LD_RUNPATH_SEARCH_PATHS = (
					"$(inherited)",
					"@executable_path/Frameworks",
				);
				PRODUCT_BUNDLE_IDENTIFIER = com.cleandev.Waiter;
				PRODUCT_NAME = "$(TARGET_NAME)";
				SWIFT_VERSION = 4.0;
				TARGETED_DEVICE_FAMILY = "1,2";
			};
			name = Release;
		};
/* End XCBuildConfiguration section */

/* Begin XCConfigurationList section */
		9F8EABDE20AC74A50027EDFB /* Build configuration list for PBXProject "Waiter" */ = {
			isa = XCConfigurationList;
			buildConfigurations = (
				9F8EABF620AC74A60027EDFB /* Debug */,
				9F8EABF720AC74A60027EDFB /* Release */,
			);
			defaultConfigurationIsVisible = 0;
			defaultConfigurationName = Release;
		};
		9F8EABF820AC74A60027EDFB /* Build configuration list for PBXNativeTarget "Waiter" */ = {
			isa = XCConfigurationList;
			buildConfigurations = (
				9F8EABF920AC74A60027EDFB /* Debug */,
				9F8EABFA20AC74A60027EDFB /* Release */,
			);
			defaultConfigurationIsVisible = 0;
			defaultConfigurationName = Release;
		};
/* End XCConfigurationList section */

/* Begin XCVersionGroup section */
		9F8EABED20AC74A50027EDFB /* Waiter.xcdatamodeld */ = {
			isa = XCVersionGroup;
			children = (
				9F8EABEE20AC74A50027EDFB /* Waiter.xcdatamodel */,
			);
			currentVersion = 9F8EABEE20AC74A50027EDFB /* Waiter.xcdatamodel */;
			path = Waiter.xcdatamodeld;
			sourceTree = "<group>";
			versionGroupType = wrapper.xcdatamodel;
		};
/* End XCVersionGroup section */
	};
	rootObject = 9F8EABDB20AC74A50027EDFB /* Project object */;
}
